// !$*UTF8*$!
{
	archiveVersion = 1;
	classes = {
	};
	objectVersion = 46;
	objects = {

/* Begin PBXBuildFile section */
		5A2BDF0216F25DD9008D38B1 /* highlightedButton.png in Resources */ = {isa = PBXBuildFile; fileRef = 5A2BDF0016F25DD9008D38B1 /* highlightedButton.png */; };
		5A2BDF0316F25DD9008D38B1 /* normalButton.png in Resources */ = {isa = PBXBuildFile; fileRef = 5A2BDF0116F25DD9008D38B1 /* normalButton.png */; };
		5A2BDF0E16F26315008D38B1 /* CustomButton.m in Sources */ = {isa = PBXBuildFile; fileRef = 5A2BDF0D16F26315008D38B1 /* CustomButton.m */; };
		5AA0EEC016A47CF900E70D9F /* Foundation.framework in Frameworks */ = {isa = PBXBuildFile; fileRef = 5AA0EEBF16A47CF900E70D9F /* Foundation.framework */; };
		5AA0EEC216A47CF900E70D9F /* CoreGraphics.framework in Frameworks */ = {isa = PBXBuildFile; fileRef = 5AA0EEC116A47CF900E70D9F /* CoreGraphics.framework */; };
		5AA0EEC816A47CF900E70D9F /* InfoPlist.strings in Resources */ = {isa = PBXBuildFile; fileRef = 5AA0EEC616A47CF900E70D9F /* InfoPlist.strings */; };
		5AA0EECA16A47CF900E70D9F /* main.m in Sources */ = {isa = PBXBuildFile; fileRef = 5AA0EEC916A47CF900E70D9F /* main.m */; };
		5AA0EECE16A47CF900E70D9F /* AppDelegate.m in Sources */ = {isa = PBXBuildFile; fileRef = 5AA0EECD16A47CF900E70D9F /* AppDelegate.m */; };
		5AA0EED016A47CF900E70D9F /* Default.png in Resources */ = {isa = PBXBuildFile; fileRef = 5AA0EECF16A47CF900E70D9F /* Default.png */; };
		5AA0EED216A47CF900E70D9F /* Default@2x.png in Resources */ = {isa = PBXBuildFile; fileRef = 5AA0EED116A47CF900E70D9F /* Default@2x.png */; };
		5AA0EED716A47CF900E70D9F /* MainStoryboard_iPhone.storyboard in Resources */ = {isa = PBXBuildFile; fileRef = 5AA0EED516A47CF900E70D9F /* MainStoryboard_iPhone.storyboard */; };
		5AA0EEDA16A47CF900E70D9F /* MainStoryboard_iPad.storyboard in Resources */ = {isa = PBXBuildFile; fileRef = 5AA0EED816A47CF900E70D9F /* MainStoryboard_iPad.storyboard */; };
		5AA0EEDD16A47CF900E70D9F /* ViewController.m in Sources */ = {isa = PBXBuildFile; fileRef = 5AA0EEDC16A47CF900E70D9F /* ViewController.m */; };
		5AA0EEE516A47CFA00E70D9F /* SenTestingKit.framework in Frameworks */ = {isa = PBXBuildFile; fileRef = 5AA0EEE416A47CF900E70D9F /* SenTestingKit.framework */; };
		5AA0EEE716A47CFA00E70D9F /* Foundation.framework in Frameworks */ = {isa = PBXBuildFile; fileRef = 5AA0EEBF16A47CF900E70D9F /* Foundation.framework */; };
		5AA0EEEF16A47CFA00E70D9F /* InfoPlist.strings in Resources */ = {isa = PBXBuildFile; fileRef = 5AA0EEED16A47CFA00E70D9F /* InfoPlist.strings */; };
		5AA0EEF216A47CFA00E70D9F /* VolOverTests.m in Sources */ = {isa = PBXBuildFile; fileRef = 5AA0EEF116A47CFA00E70D9F /* VolOverTests.m */; };
		5AA0EEFE16A4A6DD00E70D9F /* MediaPlayer.framework in Frameworks */ = {isa = PBXBuildFile; fileRef = 5AA0EEFD16A4A6DD00E70D9F /* MediaPlayer.framework */; };
		5AA0EF0416A4AAFC00E70D9F /* UIKit.framework in Frameworks */ = {isa = PBXBuildFile; fileRef = 5AA0EF0316A4AAFC00E70D9F /* UIKit.framework */; };
		F085D56317722593001FF89F /* AccessibilityRedirectImage.m in Sources */ = {isa = PBXBuildFile; fileRef = F085D56217722593001FF89F /* AccessibilityRedirectImage.m */; };
		F08A7DCC17674AE0004DF81B /* 15px_icon_fill.png in Resources */ = {isa = PBXBuildFile; fileRef = F08A7DC417674AE0004DF81B /* 15px_icon_fill.png */; };
		F08A7DCD17674AE0004DF81B /* 15px_icon_hollow.png in Resources */ = {isa = PBXBuildFile; fileRef = F08A7DC517674AE0004DF81B /* 15px_icon_hollow.png */; };
		F08A7DCE17674AE0004DF81B /* 30px_icon_fill.png in Resources */ = {isa = PBXBuildFile; fileRef = F08A7DC617674AE0004DF81B /* 30px_icon_fill.png */; };
		F08A7DCF17674AE0004DF81B /* 30px_icon_hollow.png in Resources */ = {isa = PBXBuildFile; fileRef = F08A7DC717674AE0004DF81B /* 30px_icon_hollow.png */; };
		F08A7DD017674AE0004DF81B /* 55px_icon_fill.png in Resources */ = {isa = PBXBuildFile; fileRef = F08A7DC817674AE0004DF81B /* 55px_icon_fill.png */; };
		F08A7DD117674AE0004DF81B /* 55px_icon_hollow.png in Resources */ = {isa = PBXBuildFile; fileRef = F08A7DC917674AE0004DF81B /* 55px_icon_hollow.png */; };
		F08A7DD217674AE0004DF81B /* 100px_icon_fill.png in Resources */ = {isa = PBXBuildFile; fileRef = F08A7DCA17674AE0004DF81B /* 100px_icon_fill.png */; };
		F08A7DD317674AE0004DF81B /* 100px_icon_hollow.png in Resources */ = {isa = PBXBuildFile; fileRef = F08A7DCB17674AE0004DF81B /* 100px_icon_hollow.png */; };
		F08A7DDA17674DD0004DF81B /* BubbleWrangler.m in Sources */ = {isa = PBXBuildFile; fileRef = F08A7DD717674B90004DF81B /* BubbleWrangler.m */; };
		F08A7DDB17674DD6004DF81B /* Bubble.m in Sources */ = {isa = PBXBuildFile; fileRef = F08A7DD517674B90004DF81B /* Bubble.m */; };
		F08A7DE41767D8A8004DF81B /* 15px_icon_fill@2x.png in Resources */ = {isa = PBXBuildFile; fileRef = F08A7DDC1767D8A8004DF81B /* 15px_icon_fill@2x.png */; };
		F08A7DE51767D8A8004DF81B /* 15px_icon_hollow@2x.png in Resources */ = {isa = PBXBuildFile; fileRef = F08A7DDD1767D8A8004DF81B /* 15px_icon_hollow@2x.png */; };
		F08A7DE61767D8A8004DF81B /* 30px_icon_fill@2x.png in Resources */ = {isa = PBXBuildFile; fileRef = F08A7DDE1767D8A8004DF81B /* 30px_icon_fill@2x.png */; };
		F08A7DE71767D8A8004DF81B /* 30px_icon_hollow@2x.png in Resources */ = {isa = PBXBuildFile; fileRef = F08A7DDF1767D8A8004DF81B /* 30px_icon_hollow@2x.png */; };
		F08A7DE81767D8A8004DF81B /* 55px_icon_fill@2x.png in Resources */ = {isa = PBXBuildFile; fileRef = F08A7DE01767D8A8004DF81B /* 55px_icon_fill@2x.png */; };
		F08A7DE91767D8A8004DF81B /* 55px_icon_hollow@2x.png in Resources */ = {isa = PBXBuildFile; fileRef = F08A7DE11767D8A8004DF81B /* 55px_icon_hollow@2x.png */; };
		F08A7DEA1767D8A8004DF81B /* 100px_icon_fill@2x.png in Resources */ = {isa = PBXBuildFile; fileRef = F08A7DE21767D8A8004DF81B /* 100px_icon_fill@2x.png */; };
		F08A7DEB1767D8A8004DF81B /* 100px_icon_hollow@2x.png in Resources */ = {isa = PBXBuildFile; fileRef = F08A7DE31767D8A8004DF81B /* 100px_icon_hollow@2x.png */; };
		F090837C1760FB01007F15A3 /* central_speaker_down_ipad.png in Resources */ = {isa = PBXBuildFile; fileRef = F09083741760FB01007F15A3 /* central_speaker_down_ipad.png */; };
		F090837D1760FB01007F15A3 /* central_speaker_down_ipad@2x.png in Resources */ = {isa = PBXBuildFile; fileRef = F09083751760FB01007F15A3 /* central_speaker_down_ipad@2x.png */; };
		F090837E1760FB01007F15A3 /* central_speaker_down.png in Resources */ = {isa = PBXBuildFile; fileRef = F09083761760FB01007F15A3 /* central_speaker_down.png */; };
		F090837F1760FB01007F15A3 /* central_speaker_down@2x.png in Resources */ = {isa = PBXBuildFile; fileRef = F09083771760FB01007F15A3 /* central_speaker_down@2x.png */; };
		F09083801760FB01007F15A3 /* central_speaker_up_ipad.png in Resources */ = {isa = PBXBuildFile; fileRef = F09083781760FB01007F15A3 /* central_speaker_up_ipad.png */; };
		F09083811760FB01007F15A3 /* central_speaker_up_ipad@2x.png in Resources */ = {isa = PBXBuildFile; fileRef = F09083791760FB01007F15A3 /* central_speaker_up_ipad@2x.png */; };
		F09083821760FB01007F15A3 /* central_speaker_up.png in Resources */ = {isa = PBXBuildFile; fileRef = F090837A1760FB01007F15A3 /* central_speaker_up.png */; };
		F09083831760FB01007F15A3 /* central_speaker_up@2x.png in Resources */ = {isa = PBXBuildFile; fileRef = F090837B1760FB01007F15A3 /* central_speaker_up@2x.png */; };
		F09083861760FFD3007F15A3 /* Default-Landscape.png in Resources */ = {isa = PBXBuildFile; fileRef = F09083841760FFD3007F15A3 /* Default-Landscape.png */; };
		F09083871760FFD3007F15A3 /* Default-Landscape@2x.png in Resources */ = {isa = PBXBuildFile; fileRef = F09083851760FFD3007F15A3 /* Default-Landscape@2x.png */; };
		F090838E176100EA007F15A3 /* Default@2x~iphone.png in Resources */ = {isa = PBXBuildFile; fileRef = F0908388176100EA007F15A3 /* Default@2x~iphone.png */; };
		F090838F176100EA007F15A3 /* Default~iphone.png in Resources */ = {isa = PBXBuildFile; fileRef = F0908389176100EA007F15A3 /* Default~iphone.png */; };
		F0908390176100EA007F15A3 /* iphonebackground-landscape.png in Resources */ = {isa = PBXBuildFile; fileRef = F090838A176100EA007F15A3 /* iphonebackground-landscape.png */; };
		F0908391176100EA007F15A3 /* iphonebackground-landscape@2x.png in Resources */ = {isa = PBXBuildFile; fileRef = F090838B176100EA007F15A3 /* iphonebackground-landscape@2x.png */; };
		F0908392176100EA007F15A3 /* iphonebackground.png in Resources */ = {isa = PBXBuildFile; fileRef = F090838C176100EA007F15A3 /* iphonebackground.png */; };
		F0908393176100EA007F15A3 /* iphonebackground@2x.png in Resources */ = {isa = PBXBuildFile; fileRef = F090838D176100EA007F15A3 /* iphonebackground@2x.png */; };
		F09083AC1761192B007F15A3 /* volover_icons_down_focused.png in Resources */ = {isa = PBXBuildFile; fileRef = F09083941761192B007F15A3 /* volover_icons_down_focused.png */; };
		F09083AD1761192B007F15A3 /* volover_icons_down_focused@2x.png in Resources */ = {isa = PBXBuildFile; fileRef = F09083951761192B007F15A3 /* volover_icons_down_focused@2x.png */; };
		F09083AE1761192B007F15A3 /* volover_icons_down_ipad_focused.png in Resources */ = {isa = PBXBuildFile; fileRef = F09083961761192B007F15A3 /* volover_icons_down_ipad_focused.png */; };
		F09083AF1761192B007F15A3 /* volover_icons_down_ipad_focused@2x.png in Resources */ = {isa = PBXBuildFile; fileRef = F09083971761192B007F15A3 /* volover_icons_down_ipad_focused@2x.png */; };
		F09083B01761192B007F15A3 /* volover_icons_down_ipad.png in Resources */ = {isa = PBXBuildFile; fileRef = F09083981761192B007F15A3 /* volover_icons_down_ipad.png */; };
		F09083B11761192B007F15A3 /* volover_icons_down_ipad@2x.png in Resources */ = {isa = PBXBuildFile; fileRef = F09083991761192B007F15A3 /* volover_icons_down_ipad@2x.png */; };
		F09083B21761192B007F15A3 /* volover_icons_down.png in Resources */ = {isa = PBXBuildFile; fileRef = F090839A1761192B007F15A3 /* volover_icons_down.png */; };
		F09083B31761192B007F15A3 /* volover_icons_down@2x.png in Resources */ = {isa = PBXBuildFile; fileRef = F090839B1761192B007F15A3 /* volover_icons_down@2x.png */; };
		F09083B41761192B007F15A3 /* volover_icons_mute_focused.png in Resources */ = {isa = PBXBuildFile; fileRef = F090839C1761192B007F15A3 /* volover_icons_mute_focused.png */; };
		F09083B51761192B007F15A3 /* volover_icons_mute_focused@2x.png in Resources */ = {isa = PBXBuildFile; fileRef = F090839D1761192B007F15A3 /* volover_icons_mute_focused@2x.png */; };
		F09083B61761192B007F15A3 /* volover_icons_mute_ipad_focused.png in Resources */ = {isa = PBXBuildFile; fileRef = F090839E1761192B007F15A3 /* volover_icons_mute_ipad_focused.png */; };
		F09083B71761192B007F15A3 /* volover_icons_mute_ipad_focused@2x.png in Resources */ = {isa = PBXBuildFile; fileRef = F090839F1761192B007F15A3 /* volover_icons_mute_ipad_focused@2x.png */; };
		F09083B81761192B007F15A3 /* volover_icons_mute_ipad.png in Resources */ = {isa = PBXBuildFile; fileRef = F09083A01761192B007F15A3 /* volover_icons_mute_ipad.png */; };
		F09083B91761192B007F15A3 /* volover_icons_mute_ipad@2x.png in Resources */ = {isa = PBXBuildFile; fileRef = F09083A11761192B007F15A3 /* volover_icons_mute_ipad@2x.png */; };
		F09083BA1761192B007F15A3 /* volover_icons_mute.png in Resources */ = {isa = PBXBuildFile; fileRef = F09083A21761192B007F15A3 /* volover_icons_mute.png */; };
		F09083BB1761192B007F15A3 /* volover_icons_mute@2x.png in Resources */ = {isa = PBXBuildFile; fileRef = F09083A31761192B007F15A3 /* volover_icons_mute@2x.png */; };
		F09083BC1761192B007F15A3 /* volover_icons_up_focused.png in Resources */ = {isa = PBXBuildFile; fileRef = F09083A41761192B007F15A3 /* volover_icons_up_focused.png */; };
		F09083BD1761192B007F15A3 /* volover_icons_up_focused@2x.png in Resources */ = {isa = PBXBuildFile; fileRef = F09083A51761192B007F15A3 /* volover_icons_up_focused@2x.png */; };
		F09083BE1761192B007F15A3 /* volover_icons_up_ipad_focused.png in Resources */ = {isa = PBXBuildFile; fileRef = F09083A61761192B007F15A3 /* volover_icons_up_ipad_focused.png */; };
		F09083BF1761192B007F15A3 /* volover_icons_up_ipad_focused@2x.png in Resources */ = {isa = PBXBuildFile; fileRef = F09083A71761192B007F15A3 /* volover_icons_up_ipad_focused@2x.png */; };
		F09083C01761192B007F15A3 /* volover_icons_up_ipad.png in Resources */ = {isa = PBXBuildFile; fileRef = F09083A81761192B007F15A3 /* volover_icons_up_ipad.png */; };
		F09083C11761192B007F15A3 /* volover_icons_up_ipad@2x.png in Resources */ = {isa = PBXBuildFile; fileRef = F09083A91761192B007F15A3 /* volover_icons_up_ipad@2x.png */; };
		F09083C21761192B007F15A3 /* volover_icons_up.png in Resources */ = {isa = PBXBuildFile; fileRef = F09083AA1761192B007F15A3 /* volover_icons_up.png */; };
		F09083C31761192B007F15A3 /* volover_icons_up@2x.png in Resources */ = {isa = PBXBuildFile; fileRef = F09083AB1761192B007F15A3 /* volover_icons_up@2x.png */; };
		F094AB1917620288008524C0 /* Icon-72.png in Resources */ = {isa = PBXBuildFile; fileRef = F094AB1117620288008524C0 /* Icon-72.png */; };
		F094AB1A17620288008524C0 /* Icon-72@2x.png in Resources */ = {isa = PBXBuildFile; fileRef = F094AB1217620288008524C0 /* Icon-72@2x.png */; };
		F094AB1B17620288008524C0 /* Icon-100.png in Resources */ = {isa = PBXBuildFile; fileRef = F094AB1317620288008524C0 /* Icon-100.png */; };
		F094AB1C17620288008524C0 /* Icon-Small-50.png in Resources */ = {isa = PBXBuildFile; fileRef = F094AB1417620288008524C0 /* Icon-Small-50.png */; };
		F094AB1D17620288008524C0 /* Icon-Small.png in Resources */ = {isa = PBXBuildFile; fileRef = F094AB1517620288008524C0 /* Icon-Small.png */; };
		F094AB1E17620288008524C0 /* Icon-Small@2x.png in Resources */ = {isa = PBXBuildFile; fileRef = F094AB1617620288008524C0 /* Icon-Small@2x.png */; };
		F094AB1F17620288008524C0 /* Icon.png in Resources */ = {isa = PBXBuildFile; fileRef = F094AB1717620288008524C0 /* Icon.png */; };
		F094AB2017620288008524C0 /* Icon@2x.png in Resources */ = {isa = PBXBuildFile; fileRef = F094AB1817620288008524C0 /* Icon@2x.png */; };
/* End PBXBuildFile section */

/* Begin PBXContainerItemProxy section */
		5AA0EEE816A47CFA00E70D9F /* PBXContainerItemProxy */ = {
			isa = PBXContainerItemProxy;
			containerPortal = 5AA0EEB216A47CF900E70D9F /* Project object */;
			proxyType = 1;
			remoteGlobalIDString = 5AA0EEB916A47CF900E70D9F;
			remoteInfo = VolOver;
		};
/* End PBXContainerItemProxy section */

/* Begin PBXFileReference section */
		5A2BDF0016F25DD9008D38B1 /* highlightedButton.png */ = {isa = PBXFileReference; lastKnownFileType = image.png; path = highlightedButton.png; sourceTree = "<group>"; };
		5A2BDF0116F25DD9008D38B1 /* normalButton.png */ = {isa = PBXFileReference; lastKnownFileType = image.png; path = normalButton.png; sourceTree = "<group>"; };
		5A2BDF0C16F26315008D38B1 /* CustomButton.h */ = {isa = PBXFileReference; fileEncoding = 4; lastKnownFileType = sourcecode.c.h; path = CustomButton.h; sourceTree = "<group>"; };
		5A2BDF0D16F26315008D38B1 /* CustomButton.m */ = {isa = PBXFileReference; fileEncoding = 4; lastKnownFileType = sourcecode.c.objc; path = CustomButton.m; sourceTree = "<group>"; };
		5AA0EEBA16A47CF900E70D9F /* volover.app */ = {isa = PBXFileReference; explicitFileType = wrapper.application; includeInIndex = 0; path = volover.app; sourceTree = BUILT_PRODUCTS_DIR; };
		5AA0EEBF16A47CF900E70D9F /* Foundation.framework */ = {isa = PBXFileReference; lastKnownFileType = wrapper.framework; name = Foundation.framework; path = System/Library/Frameworks/Foundation.framework; sourceTree = SDKROOT; };
		5AA0EEC116A47CF900E70D9F /* CoreGraphics.framework */ = {isa = PBXFileReference; lastKnownFileType = wrapper.framework; name = CoreGraphics.framework; path = System/Library/Frameworks/CoreGraphics.framework; sourceTree = SDKROOT; };
		5AA0EEC516A47CF900E70D9F /* VolOver-Info.plist */ = {isa = PBXFileReference; lastKnownFileType = text.plist.xml; path = "VolOver-Info.plist"; sourceTree = "<group>"; };
		5AA0EEC716A47CF900E70D9F /* en */ = {isa = PBXFileReference; lastKnownFileType = text.plist.strings; name = en; path = en.lproj/InfoPlist.strings; sourceTree = "<group>"; };
		5AA0EEC916A47CF900E70D9F /* main.m */ = {isa = PBXFileReference; lastKnownFileType = sourcecode.c.objc; path = main.m; sourceTree = "<group>"; };
		5AA0EECB16A47CF900E70D9F /* VolOver-Prefix.pch */ = {isa = PBXFileReference; lastKnownFileType = sourcecode.c.h; path = "VolOver-Prefix.pch"; sourceTree = "<group>"; };
		5AA0EECC16A47CF900E70D9F /* AppDelegate.h */ = {isa = PBXFileReference; lastKnownFileType = sourcecode.c.h; path = AppDelegate.h; sourceTree = "<group>"; };
		5AA0EECD16A47CF900E70D9F /* AppDelegate.m */ = {isa = PBXFileReference; lastKnownFileType = sourcecode.c.objc; path = AppDelegate.m; sourceTree = "<group>"; };
		5AA0EECF16A47CF900E70D9F /* Default.png */ = {isa = PBXFileReference; lastKnownFileType = image.png; path = Default.png; sourceTree = "<group>"; };
		5AA0EED116A47CF900E70D9F /* Default@2x.png */ = {isa = PBXFileReference; lastKnownFileType = image.png; path = "Default@2x.png"; sourceTree = "<group>"; };
		5AA0EED616A47CF900E70D9F /* en */ = {isa = PBXFileReference; lastKnownFileType = file.storyboard; name = en; path = en.lproj/MainStoryboard_iPhone.storyboard; sourceTree = "<group>"; };
		5AA0EED916A47CF900E70D9F /* en */ = {isa = PBXFileReference; lastKnownFileType = file.storyboard; name = en; path = en.lproj/MainStoryboard_iPad.storyboard; sourceTree = "<group>"; };
		5AA0EEDB16A47CF900E70D9F /* ViewController.h */ = {isa = PBXFileReference; lastKnownFileType = sourcecode.c.h; path = ViewController.h; sourceTree = "<group>"; };
		5AA0EEDC16A47CF900E70D9F /* ViewController.m */ = {isa = PBXFileReference; lastKnownFileType = sourcecode.c.objc; path = ViewController.m; sourceTree = "<group>"; };
		5AA0EEE316A47CF900E70D9F /* VolOverTests.octest */ = {isa = PBXFileReference; explicitFileType = wrapper.cfbundle; includeInIndex = 0; path = VolOverTests.octest; sourceTree = BUILT_PRODUCTS_DIR; };
		5AA0EEE416A47CF900E70D9F /* SenTestingKit.framework */ = {isa = PBXFileReference; lastKnownFileType = wrapper.framework; name = SenTestingKit.framework; path = Library/Frameworks/SenTestingKit.framework; sourceTree = DEVELOPER_DIR; };
		5AA0EEEC16A47CFA00E70D9F /* VolOverTests-Info.plist */ = {isa = PBXFileReference; lastKnownFileType = text.plist.xml; path = "VolOverTests-Info.plist"; sourceTree = "<group>"; };
		5AA0EEEE16A47CFA00E70D9F /* en */ = {isa = PBXFileReference; lastKnownFileType = text.plist.strings; name = en; path = en.lproj/InfoPlist.strings; sourceTree = "<group>"; };
		5AA0EEF016A47CFA00E70D9F /* VolOverTests.h */ = {isa = PBXFileReference; lastKnownFileType = sourcecode.c.h; path = VolOverTests.h; sourceTree = "<group>"; };
		5AA0EEF116A47CFA00E70D9F /* VolOverTests.m */ = {isa = PBXFileReference; lastKnownFileType = sourcecode.c.objc; path = VolOverTests.m; sourceTree = "<group>"; };
		5AA0EEFD16A4A6DD00E70D9F /* MediaPlayer.framework */ = {isa = PBXFileReference; lastKnownFileType = wrapper.framework; name = MediaPlayer.framework; path = "../../../../Library/Developer/Xcode/iOS DeviceSupport/6.1 (10B5126b)/Symbols/System/Library/Frameworks/MediaPlayer.framework"; sourceTree = "<group>"; };
		5AA0EF0316A4AAFC00E70D9F /* UIKit.framework */ = {isa = PBXFileReference; lastKnownFileType = wrapper.framework; name = UIKit.framework; path = "../../../../Library/Developer/Xcode/iOS DeviceSupport/6.1 (10B5126b)/Symbols/System/Library/Frameworks/UIKit.framework"; sourceTree = "<group>"; };
		F085D56117722593001FF89F /* AccessibilityRedirectImage.h */ = {isa = PBXFileReference; fileEncoding = 4; lastKnownFileType = sourcecode.c.h; path = AccessibilityRedirectImage.h; sourceTree = "<group>"; };
		F085D56217722593001FF89F /* AccessibilityRedirectImage.m */ = {isa = PBXFileReference; fileEncoding = 4; lastKnownFileType = sourcecode.c.objc; path = AccessibilityRedirectImage.m; sourceTree = "<group>"; };
		F08A7DC417674AE0004DF81B /* 15px_icon_fill.png */ = {isa = PBXFileReference; lastKnownFileType = image.png; path = 15px_icon_fill.png; sourceTree = "<group>"; };
		F08A7DC517674AE0004DF81B /* 15px_icon_hollow.png */ = {isa = PBXFileReference; lastKnownFileType = image.png; path = 15px_icon_hollow.png; sourceTree = "<group>"; };
		F08A7DC617674AE0004DF81B /* 30px_icon_fill.png */ = {isa = PBXFileReference; lastKnownFileType = image.png; path = 30px_icon_fill.png; sourceTree = "<group>"; };
		F08A7DC717674AE0004DF81B /* 30px_icon_hollow.png */ = {isa = PBXFileReference; lastKnownFileType = image.png; path = 30px_icon_hollow.png; sourceTree = "<group>"; };
		F08A7DC817674AE0004DF81B /* 55px_icon_fill.png */ = {isa = PBXFileReference; lastKnownFileType = image.png; path = 55px_icon_fill.png; sourceTree = "<group>"; };
		F08A7DC917674AE0004DF81B /* 55px_icon_hollow.png */ = {isa = PBXFileReference; lastKnownFileType = image.png; path = 55px_icon_hollow.png; sourceTree = "<group>"; };
		F08A7DCA17674AE0004DF81B /* 100px_icon_fill.png */ = {isa = PBXFileReference; lastKnownFileType = image.png; path = 100px_icon_fill.png; sourceTree = "<group>"; };
		F08A7DCB17674AE0004DF81B /* 100px_icon_hollow.png */ = {isa = PBXFileReference; lastKnownFileType = image.png; path = 100px_icon_hollow.png; sourceTree = "<group>"; };
		F08A7DD417674B90004DF81B /* Bubble.h */ = {isa = PBXFileReference; fileEncoding = 4; lastKnownFileType = sourcecode.c.h; path = Bubble.h; sourceTree = "<group>"; };
		F08A7DD517674B90004DF81B /* Bubble.m */ = {isa = PBXFileReference; fileEncoding = 4; lastKnownFileType = sourcecode.c.objc; path = Bubble.m; sourceTree = "<group>"; };
		F08A7DD617674B90004DF81B /* BubbleWrangler.h */ = {isa = PBXFileReference; fileEncoding = 4; lastKnownFileType = sourcecode.c.h; path = BubbleWrangler.h; sourceTree = "<group>"; };
		F08A7DD717674B90004DF81B /* BubbleWrangler.m */ = {isa = PBXFileReference; fileEncoding = 4; lastKnownFileType = sourcecode.c.objc; path = BubbleWrangler.m; sourceTree = "<group>"; };
		F08A7DDC1767D8A8004DF81B /* 15px_icon_fill@2x.png */ = {isa = PBXFileReference; lastKnownFileType = image.png; path = "15px_icon_fill@2x.png"; sourceTree = "<group>"; };
		F08A7DDD1767D8A8004DF81B /* 15px_icon_hollow@2x.png */ = {isa = PBXFileReference; lastKnownFileType = image.png; path = "15px_icon_hollow@2x.png"; sourceTree = "<group>"; };
		F08A7DDE1767D8A8004DF81B /* 30px_icon_fill@2x.png */ = {isa = PBXFileReference; lastKnownFileType = image.png; path = "30px_icon_fill@2x.png"; sourceTree = "<group>"; };
		F08A7DDF1767D8A8004DF81B /* 30px_icon_hollow@2x.png */ = {isa = PBXFileReference; lastKnownFileType = image.png; path = "30px_icon_hollow@2x.png"; sourceTree = "<group>"; };
		F08A7DE01767D8A8004DF81B /* 55px_icon_fill@2x.png */ = {isa = PBXFileReference; lastKnownFileType = image.png; path = "55px_icon_fill@2x.png"; sourceTree = "<group>"; };
		F08A7DE11767D8A8004DF81B /* 55px_icon_hollow@2x.png */ = {isa = PBXFileReference; lastKnownFileType = image.png; path = "55px_icon_hollow@2x.png"; sourceTree = "<group>"; };
		F08A7DE21767D8A8004DF81B /* 100px_icon_fill@2x.png */ = {isa = PBXFileReference; lastKnownFileType = image.png; path = "100px_icon_fill@2x.png"; sourceTree = "<group>"; };
		F08A7DE31767D8A8004DF81B /* 100px_icon_hollow@2x.png */ = {isa = PBXFileReference; lastKnownFileType = image.png; path = "100px_icon_hollow@2x.png"; sourceTree = "<group>"; };
		F09083741760FB01007F15A3 /* central_speaker_down_ipad.png */ = {isa = PBXFileReference; lastKnownFileType = image.png; path = central_speaker_down_ipad.png; sourceTree = "<group>"; };
		F09083751760FB01007F15A3 /* central_speaker_down_ipad@2x.png */ = {isa = PBXFileReference; lastKnownFileType = image.png; path = "central_speaker_down_ipad@2x.png"; sourceTree = "<group>"; };
		F09083761760FB01007F15A3 /* central_speaker_down.png */ = {isa = PBXFileReference; lastKnownFileType = image.png; path = central_speaker_down.png; sourceTree = "<group>"; };
		F09083771760FB01007F15A3 /* central_speaker_down@2x.png */ = {isa = PBXFileReference; lastKnownFileType = image.png; path = "central_speaker_down@2x.png"; sourceTree = "<group>"; };
		F09083781760FB01007F15A3 /* central_speaker_up_ipad.png */ = {isa = PBXFileReference; lastKnownFileType = image.png; path = central_speaker_up_ipad.png; sourceTree = "<group>"; };
		F09083791760FB01007F15A3 /* central_speaker_up_ipad@2x.png */ = {isa = PBXFileReference; lastKnownFileType = image.png; path = "central_speaker_up_ipad@2x.png"; sourceTree = "<group>"; };
		F090837A1760FB01007F15A3 /* central_speaker_up.png */ = {isa = PBXFileReference; lastKnownFileType = image.png; path = central_speaker_up.png; sourceTree = "<group>"; };
		F090837B1760FB01007F15A3 /* central_speaker_up@2x.png */ = {isa = PBXFileReference; lastKnownFileType = image.png; path = "central_speaker_up@2x.png"; sourceTree = "<group>"; };
		F09083841760FFD3007F15A3 /* Default-Landscape.png */ = {isa = PBXFileReference; lastKnownFileType = image.png; path = "Default-Landscape.png"; sourceTree = "<group>"; };
		F09083851760FFD3007F15A3 /* Default-Landscape@2x.png */ = {isa = PBXFileReference; lastKnownFileType = image.png; path = "Default-Landscape@2x.png"; sourceTree = "<group>"; };
		F0908388176100EA007F15A3 /* Default@2x~iphone.png */ = {isa = PBXFileReference; lastKnownFileType = image.png; path = "Default@2x~iphone.png"; sourceTree = "<group>"; };
		F0908389176100EA007F15A3 /* Default~iphone.png */ = {isa = PBXFileReference; lastKnownFileType = image.png; path = "Default~iphone.png"; sourceTree = "<group>"; };
		F090838A176100EA007F15A3 /* iphonebackground-landscape.png */ = {isa = PBXFileReference; lastKnownFileType = image.png; path = "iphonebackground-landscape.png"; sourceTree = "<group>"; };
		F090838B176100EA007F15A3 /* iphonebackground-landscape@2x.png */ = {isa = PBXFileReference; lastKnownFileType = image.png; path = "iphonebackground-landscape@2x.png"; sourceTree = "<group>"; };
		F090838C176100EA007F15A3 /* iphonebackground.png */ = {isa = PBXFileReference; lastKnownFileType = image.png; path = iphonebackground.png; sourceTree = "<group>"; };
		F090838D176100EA007F15A3 /* iphonebackground@2x.png */ = {isa = PBXFileReference; lastKnownFileType = image.png; path = "iphonebackground@2x.png"; sourceTree = "<group>"; };
		F09083941761192B007F15A3 /* volover_icons_down_focused.png */ = {isa = PBXFileReference; lastKnownFileType = image.png; path = volover_icons_down_focused.png; sourceTree = "<group>"; };
		F09083951761192B007F15A3 /* volover_icons_down_focused@2x.png */ = {isa = PBXFileReference; lastKnownFileType = image.png; path = "volover_icons_down_focused@2x.png"; sourceTree = "<group>"; };
		F09083961761192B007F15A3 /* volover_icons_down_ipad_focused.png */ = {isa = PBXFileReference; lastKnownFileType = image.png; path = volover_icons_down_ipad_focused.png; sourceTree = "<group>"; };
		F09083971761192B007F15A3 /* volover_icons_down_ipad_focused@2x.png */ = {isa = PBXFileReference; lastKnownFileType = image.png; path = "volover_icons_down_ipad_focused@2x.png"; sourceTree = "<group>"; };
		F09083981761192B007F15A3 /* volover_icons_down_ipad.png */ = {isa = PBXFileReference; lastKnownFileType = image.png; path = volover_icons_down_ipad.png; sourceTree = "<group>"; };
		F09083991761192B007F15A3 /* volover_icons_down_ipad@2x.png */ = {isa = PBXFileReference; lastKnownFileType = image.png; path = "volover_icons_down_ipad@2x.png"; sourceTree = "<group>"; };
		F090839A1761192B007F15A3 /* volover_icons_down.png */ = {isa = PBXFileReference; lastKnownFileType = image.png; path = volover_icons_down.png; sourceTree = "<group>"; };
		F090839B1761192B007F15A3 /* volover_icons_down@2x.png */ = {isa = PBXFileReference; lastKnownFileType = image.png; path = "volover_icons_down@2x.png"; sourceTree = "<group>"; };
		F090839C1761192B007F15A3 /* volover_icons_mute_focused.png */ = {isa = PBXFileReference; lastKnownFileType = image.png; path = volover_icons_mute_focused.png; sourceTree = "<group>"; };
		F090839D1761192B007F15A3 /* volover_icons_mute_focused@2x.png */ = {isa = PBXFileReference; lastKnownFileType = image.png; path = "volover_icons_mute_focused@2x.png"; sourceTree = "<group>"; };
		F090839E1761192B007F15A3 /* volover_icons_mute_ipad_focused.png */ = {isa = PBXFileReference; lastKnownFileType = image.png; path = volover_icons_mute_ipad_focused.png; sourceTree = "<group>"; };
		F090839F1761192B007F15A3 /* volover_icons_mute_ipad_focused@2x.png */ = {isa = PBXFileReference; lastKnownFileType = image.png; path = "volover_icons_mute_ipad_focused@2x.png"; sourceTree = "<group>"; };
		F09083A01761192B007F15A3 /* volover_icons_mute_ipad.png */ = {isa = PBXFileReference; lastKnownFileType = image.png; path = volover_icons_mute_ipad.png; sourceTree = "<group>"; };
		F09083A11761192B007F15A3 /* volover_icons_mute_ipad@2x.png */ = {isa = PBXFileReference; lastKnownFileType = image.png; path = "volover_icons_mute_ipad@2x.png"; sourceTree = "<group>"; };
		F09083A21761192B007F15A3 /* volover_icons_mute.png */ = {isa = PBXFileReference; lastKnownFileType = image.png; path = volover_icons_mute.png; sourceTree = "<group>"; };
		F09083A31761192B007F15A3 /* volover_icons_mute@2x.png */ = {isa = PBXFileReference; lastKnownFileType = image.png; path = "volover_icons_mute@2x.png"; sourceTree = "<group>"; };
		F09083A41761192B007F15A3 /* volover_icons_up_focused.png */ = {isa = PBXFileReference; lastKnownFileType = image.png; path = volover_icons_up_focused.png; sourceTree = "<group>"; };
		F09083A51761192B007F15A3 /* volover_icons_up_focused@2x.png */ = {isa = PBXFileReference; lastKnownFileType = image.png; path = "volover_icons_up_focused@2x.png"; sourceTree = "<group>"; };
		F09083A61761192B007F15A3 /* volover_icons_up_ipad_focused.png */ = {isa = PBXFileReference; lastKnownFileType = image.png; path = volover_icons_up_ipad_focused.png; sourceTree = "<group>"; };
		F09083A71761192B007F15A3 /* volover_icons_up_ipad_focused@2x.png */ = {isa = PBXFileReference; lastKnownFileType = image.png; path = "volover_icons_up_ipad_focused@2x.png"; sourceTree = "<group>"; };
		F09083A81761192B007F15A3 /* volover_icons_up_ipad.png */ = {isa = PBXFileReference; lastKnownFileType = image.png; path = volover_icons_up_ipad.png; sourceTree = "<group>"; };
		F09083A91761192B007F15A3 /* volover_icons_up_ipad@2x.png */ = {isa = PBXFileReference; lastKnownFileType = image.png; path = "volover_icons_up_ipad@2x.png"; sourceTree = "<group>"; };
		F09083AA1761192B007F15A3 /* volover_icons_up.png */ = {isa = PBXFileReference; lastKnownFileType = image.png; path = volover_icons_up.png; sourceTree = "<group>"; };
		F09083AB1761192B007F15A3 /* volover_icons_up@2x.png */ = {isa = PBXFileReference; lastKnownFileType = image.png; path = "volover_icons_up@2x.png"; sourceTree = "<group>"; };
		F094AB1117620288008524C0 /* Icon-72.png */ = {isa = PBXFileReference; lastKnownFileType = image.png; path = "Icon-72.png"; sourceTree = "<group>"; };
		F094AB1217620288008524C0 /* Icon-72@2x.png */ = {isa = PBXFileReference; lastKnownFileType = image.png; path = "Icon-72@2x.png"; sourceTree = "<group>"; };
		F094AB1317620288008524C0 /* Icon-100.png */ = {isa = PBXFileReference; lastKnownFileType = image.png; path = "Icon-100.png"; sourceTree = "<group>"; };
		F094AB1417620288008524C0 /* Icon-Small-50.png */ = {isa = PBXFileReference; lastKnownFileType = image.png; path = "Icon-Small-50.png"; sourceTree = "<group>"; };
		F094AB1517620288008524C0 /* Icon-Small.png */ = {isa = PBXFileReference; lastKnownFileType = image.png; path = "Icon-Small.png"; sourceTree = "<group>"; };
		F094AB1617620288008524C0 /* Icon-Small@2x.png */ = {isa = PBXFileReference; lastKnownFileType = image.png; path = "Icon-Small@2x.png"; sourceTree = "<group>"; };
		F094AB1717620288008524C0 /* Icon.png */ = {isa = PBXFileReference; lastKnownFileType = image.png; path = Icon.png; sourceTree = "<group>"; };
		F094AB1817620288008524C0 /* Icon@2x.png */ = {isa = PBXFileReference; lastKnownFileType = image.png; path = "Icon@2x.png"; sourceTree = "<group>"; };
/* End PBXFileReference section */

/* Begin PBXFrameworksBuildPhase section */
		5AA0EEB716A47CF900E70D9F /* Frameworks */ = {
			isa = PBXFrameworksBuildPhase;
			buildActionMask = 2147483647;
			files = (
				5AA0EEC016A47CF900E70D9F /* Foundation.framework in Frameworks */,
				5AA0EEC216A47CF900E70D9F /* CoreGraphics.framework in Frameworks */,
				5AA0EEFE16A4A6DD00E70D9F /* MediaPlayer.framework in Frameworks */,
				5AA0EF0416A4AAFC00E70D9F /* UIKit.framework in Frameworks */,
			);
			runOnlyForDeploymentPostprocessing = 0;
		};
		5AA0EEDF16A47CF900E70D9F /* Frameworks */ = {
			isa = PBXFrameworksBuildPhase;
			buildActionMask = 2147483647;
			files = (
				5AA0EEE516A47CFA00E70D9F /* SenTestingKit.framework in Frameworks */,
				5AA0EEE716A47CFA00E70D9F /* Foundation.framework in Frameworks */,
			);
			runOnlyForDeploymentPostprocessing = 0;
		};
/* End PBXFrameworksBuildPhase section */

/* Begin PBXGroup section */
		5AA0EEB116A47CF900E70D9F = {
			isa = PBXGroup;
			children = (
				5AA0EEC316A47CF900E70D9F /* VolOver */,
				5AA0EEEA16A47CFA00E70D9F /* VolOverTests */,
				5AA0EEBC16A47CF900E70D9F /* Frameworks */,
				5AA0EEBB16A47CF900E70D9F /* Products */,
			);
			sourceTree = "<group>";
		};
		5AA0EEBB16A47CF900E70D9F /* Products */ = {
			isa = PBXGroup;
			children = (
				5AA0EEBA16A47CF900E70D9F /* volover.app */,
				5AA0EEE316A47CF900E70D9F /* VolOverTests.octest */,
			);
			name = Products;
			sourceTree = "<group>";
		};
		5AA0EEBC16A47CF900E70D9F /* Frameworks */ = {
			isa = PBXGroup;
			children = (
				5AA0EF0316A4AAFC00E70D9F /* UIKit.framework */,
				5AA0EEFD16A4A6DD00E70D9F /* MediaPlayer.framework */,
				5AA0EEBF16A47CF900E70D9F /* Foundation.framework */,
				5AA0EEC116A47CF900E70D9F /* CoreGraphics.framework */,
				5AA0EEE416A47CF900E70D9F /* SenTestingKit.framework */,
			);
			name = Frameworks;
			sourceTree = "<group>";
		};
		5AA0EEC316A47CF900E70D9F /* VolOver */ = {
			isa = PBXGroup;
			children = (
				5AA0EEC516A47CF900E70D9F /* VolOver-Info.plist */,
				5AA0EECC16A47CF900E70D9F /* AppDelegate.h */,
				5AA0EECD16A47CF900E70D9F /* AppDelegate.m */,
				5A2BDF0C16F26315008D38B1 /* CustomButton.h */,
				5A2BDF0D16F26315008D38B1 /* CustomButton.m */,
				5AA0EED516A47CF900E70D9F /* MainStoryboard_iPhone.storyboard */,
				5AA0EED816A47CF900E70D9F /* MainStoryboard_iPad.storyboard */,
				F08A7DD417674B90004DF81B /* Bubble.h */,
				F08A7DD517674B90004DF81B /* Bubble.m */,
				F08A7DD617674B90004DF81B /* BubbleWrangler.h */,
				F08A7DD717674B90004DF81B /* BubbleWrangler.m */,
				5AA0EEDB16A47CF900E70D9F /* ViewController.h */,
				5AA0EEDC16A47CF900E70D9F /* ViewController.m */,
				F085D56117722593001FF89F /* AccessibilityRedirectImage.h */,
				F085D56217722593001FF89F /* AccessibilityRedirectImage.m */,
				5AA0EEC416A47CF900E70D9F /* Supporting Files */,
			);
			path = VolOver;
			sourceTree = "<group>";
		};
		5AA0EEC416A47CF900E70D9F /* Supporting Files */ = {
			isa = PBXGroup;
			children = (
				F08A7DC317674AC5004DF81B /* bubbles */,
				F09083701760F32E007F15A3 /* speaker image */,
				F09083711760F33D007F15A3 /* program icons */,
				F09083721760F347007F15A3 /* backgrounds */,
				F09083731760F358007F15A3 /* button icons */,
				5AA0EEC616A47CF900E70D9F /* InfoPlist.strings */,
				5AA0EEC916A47CF900E70D9F /* main.m */,
				5AA0EECB16A47CF900E70D9F /* VolOver-Prefix.pch */,
			);
			name = "Supporting Files";
			sourceTree = "<group>";
		};
		5AA0EEEA16A47CFA00E70D9F /* VolOverTests */ = {
			isa = PBXGroup;
			children = (
				5AA0EEF016A47CFA00E70D9F /* VolOverTests.h */,
				5AA0EEF116A47CFA00E70D9F /* VolOverTests.m */,
				5AA0EEEB16A47CFA00E70D9F /* Supporting Files */,
			);
			path = VolOverTests;
			sourceTree = "<group>";
		};
		5AA0EEEB16A47CFA00E70D9F /* Supporting Files */ = {
			isa = PBXGroup;
			children = (
				5AA0EEEC16A47CFA00E70D9F /* VolOverTests-Info.plist */,
				5AA0EEED16A47CFA00E70D9F /* InfoPlist.strings */,
			);
			name = "Supporting Files";
			sourceTree = "<group>";
		};
		F08A7DC317674AC5004DF81B /* bubbles */ = {
			isa = PBXGroup;
			children = (
				F08A7DDC1767D8A8004DF81B /* 15px_icon_fill@2x.png */,
				F08A7DDD1767D8A8004DF81B /* 15px_icon_hollow@2x.png */,
				F08A7DDE1767D8A8004DF81B /* 30px_icon_fill@2x.png */,
				F08A7DDF1767D8A8004DF81B /* 30px_icon_hollow@2x.png */,
				F08A7DE01767D8A8004DF81B /* 55px_icon_fill@2x.png */,
				F08A7DE11767D8A8004DF81B /* 55px_icon_hollow@2x.png */,
				F08A7DE21767D8A8004DF81B /* 100px_icon_fill@2x.png */,
				F08A7DE31767D8A8004DF81B /* 100px_icon_hollow@2x.png */,
				F08A7DC417674AE0004DF81B /* 15px_icon_fill.png */,
				F08A7DC517674AE0004DF81B /* 15px_icon_hollow.png */,
				F08A7DC617674AE0004DF81B /* 30px_icon_fill.png */,
				F08A7DC717674AE0004DF81B /* 30px_icon_hollow.png */,
				F08A7DC817674AE0004DF81B /* 55px_icon_fill.png */,
				F08A7DC917674AE0004DF81B /* 55px_icon_hollow.png */,
				F08A7DCA17674AE0004DF81B /* 100px_icon_fill.png */,
				F08A7DCB17674AE0004DF81B /* 100px_icon_hollow.png */,
			);
			name = bubbles;
			sourceTree = "<group>";
		};
		F09083701760F32E007F15A3 /* speaker image */ = {
			isa = PBXGroup;
			children = (
				F09083741760FB01007F15A3 /* central_speaker_down_ipad.png */,
				F09083751760FB01007F15A3 /* central_speaker_down_ipad@2x.png */,
				F09083761760FB01007F15A3 /* central_speaker_down.png */,
				F09083771760FB01007F15A3 /* central_speaker_down@2x.png */,
				F09083781760FB01007F15A3 /* central_speaker_up_ipad.png */,
				F09083791760FB01007F15A3 /* central_speaker_up_ipad@2x.png */,
				F090837A1760FB01007F15A3 /* central_speaker_up.png */,
				F090837B1760FB01007F15A3 /* central_speaker_up@2x.png */,
			);
			name = "speaker image";
			sourceTree = "<group>";
		};
		F09083711760F33D007F15A3 /* program icons */ = {
			isa = PBXGroup;
			children = (
				F094AB1717620288008524C0 /* Icon.png */,
				F094AB1817620288008524C0 /* Icon@2x.png */,
				F094AB1117620288008524C0 /* Icon-72.png */,
				F094AB1217620288008524C0 /* Icon-72@2x.png */,
				F094AB1517620288008524C0 /* Icon-Small.png */,
				F094AB1617620288008524C0 /* Icon-Small@2x.png */,
				F094AB1417620288008524C0 /* Icon-Small-50.png */,
				F094AB1317620288008524C0 /* Icon-100.png */,
			);
			name = "program icons";
			sourceTree = "<group>";
		};
		F09083721760F347007F15A3 /* backgrounds */ = {
			isa = PBXGroup;
			children = (
				5AA0EECF16A47CF900E70D9F /* Default.png */,
				5AA0EED116A47CF900E70D9F /* Default@2x.png */,
				F09083841760FFD3007F15A3 /* Default-Landscape.png */,
				F09083851760FFD3007F15A3 /* Default-Landscape@2x.png */,
				F0908389176100EA007F15A3 /* Default~iphone.png */,
				F0908388176100EA007F15A3 /* Default@2x~iphone.png */,
				F090838C176100EA007F15A3 /* iphonebackground.png */,
				F090838D176100EA007F15A3 /* iphonebackground@2x.png */,
				F090838A176100EA007F15A3 /* iphonebackground-landscape.png */,
				F090838B176100EA007F15A3 /* iphonebackground-landscape@2x.png */,
			);
			name = backgrounds;
			sourceTree = "<group>";
		};
		F09083731760F358007F15A3 /* button icons */ = {
			isa = PBXGroup;
			children = (
				5A2BDF0116F25DD9008D38B1 /* normalButton.png */,
				5A2BDF0016F25DD9008D38B1 /* highlightedButton.png */,
				F090839A1761192B007F15A3 /* volover_icons_down.png */,
				F090839B1761192B007F15A3 /* volover_icons_down@2x.png */,
				F09083941761192B007F15A3 /* volover_icons_down_focused.png */,
				F09083951761192B007F15A3 /* volover_icons_down_focused@2x.png */,
				F09083981761192B007F15A3 /* volover_icons_down_ipad.png */,
				F09083991761192B007F15A3 /* volover_icons_down_ipad@2x.png */,
				F09083961761192B007F15A3 /* volover_icons_down_ipad_focused.png */,
				F09083971761192B007F15A3 /* volover_icons_down_ipad_focused@2x.png */,
				F09083A21761192B007F15A3 /* volover_icons_mute.png */,
				F09083A31761192B007F15A3 /* volover_icons_mute@2x.png */,
				F090839C1761192B007F15A3 /* volover_icons_mute_focused.png */,
				F090839D1761192B007F15A3 /* volover_icons_mute_focused@2x.png */,
				F09083A01761192B007F15A3 /* volover_icons_mute_ipad.png */,
				F09083A11761192B007F15A3 /* volover_icons_mute_ipad@2x.png */,
				F090839E1761192B007F15A3 /* volover_icons_mute_ipad_focused.png */,
				F090839F1761192B007F15A3 /* volover_icons_mute_ipad_focused@2x.png */,
				F09083AA1761192B007F15A3 /* volover_icons_up.png */,
				F09083AB1761192B007F15A3 /* volover_icons_up@2x.png */,
				F09083A41761192B007F15A3 /* volover_icons_up_focused.png */,
				F09083A51761192B007F15A3 /* volover_icons_up_focused@2x.png */,
				F09083A81761192B007F15A3 /* volover_icons_up_ipad.png */,
				F09083A91761192B007F15A3 /* volover_icons_up_ipad@2x.png */,
				F09083A61761192B007F15A3 /* volover_icons_up_ipad_focused.png */,
				F09083A71761192B007F15A3 /* volover_icons_up_ipad_focused@2x.png */,
			);
			name = "button icons";
			sourceTree = "<group>";
		};
/* End PBXGroup section */

/* Begin PBXNativeTarget section */
		5AA0EEB916A47CF900E70D9F /* VolOver */ = {
			isa = PBXNativeTarget;
			buildConfigurationList = 5AA0EEF516A47CFA00E70D9F /* Build configuration list for PBXNativeTarget "VolOver" */;
			buildPhases = (
				5AA0EEB616A47CF900E70D9F /* Sources */,
				5AA0EEB716A47CF900E70D9F /* Frameworks */,
				5AA0EEB816A47CF900E70D9F /* Resources */,
			);
			buildRules = (
			);
			dependencies = (
			);
			name = VolOver;
			productName = VolOver;
			productReference = 5AA0EEBA16A47CF900E70D9F /* volover.app */;
			productType = "com.apple.product-type.application";
		};
		5AA0EEE216A47CF900E70D9F /* VolOverTests */ = {
			isa = PBXNativeTarget;
			buildConfigurationList = 5AA0EEF816A47CFA00E70D9F /* Build configuration list for PBXNativeTarget "VolOverTests" */;
			buildPhases = (
				5AA0EEDE16A47CF900E70D9F /* Sources */,
				5AA0EEDF16A47CF900E70D9F /* Frameworks */,
				5AA0EEE016A47CF900E70D9F /* Resources */,
				5AA0EEE116A47CF900E70D9F /* ShellScript */,
			);
			buildRules = (
			);
			dependencies = (
				5AA0EEE916A47CFA00E70D9F /* PBXTargetDependency */,
			);
			name = VolOverTests;
			productName = VolOverTests;
			productReference = 5AA0EEE316A47CF900E70D9F /* VolOverTests.octest */;
			productType = "com.apple.product-type.bundle";
		};
/* End PBXNativeTarget section */

/* Begin PBXProject section */
		5AA0EEB216A47CF900E70D9F /* Project object */ = {
			isa = PBXProject;
			attributes = {
				LastUpgradeCheck = 0460;
				ORGANIZATIONNAME = "Owen McGirr";
			};
			buildConfigurationList = 5AA0EEB516A47CF900E70D9F /* Build configuration list for PBXProject "VolOver" */;
			compatibilityVersion = "Xcode 3.2";
			developmentRegion = English;
			hasScannedForEncodings = 0;
			knownRegions = (
				en,
			);
			mainGroup = 5AA0EEB116A47CF900E70D9F;
			productRefGroup = 5AA0EEBB16A47CF900E70D9F /* Products */;
			projectDirPath = "";
			projectRoot = "";
			targets = (
				5AA0EEB916A47CF900E70D9F /* VolOver */,
				5AA0EEE216A47CF900E70D9F /* VolOverTests */,
			);
		};
/* End PBXProject section */

/* Begin PBXResourcesBuildPhase section */
		5AA0EEB816A47CF900E70D9F /* Resources */ = {
			isa = PBXResourcesBuildPhase;
			buildActionMask = 2147483647;
			files = (
				5AA0EEC816A47CF900E70D9F /* InfoPlist.strings in Resources */,
				5AA0EED016A47CF900E70D9F /* Default.png in Resources */,
				5AA0EED216A47CF900E70D9F /* Default@2x.png in Resources */,
				5AA0EED716A47CF900E70D9F /* MainStoryboard_iPhone.storyboard in Resources */,
				5AA0EEDA16A47CF900E70D9F /* MainStoryboard_iPad.storyboard in Resources */,
				5A2BDF0216F25DD9008D38B1 /* highlightedButton.png in Resources */,
				5A2BDF0316F25DD9008D38B1 /* normalButton.png in Resources */,
				F090837C1760FB01007F15A3 /* central_speaker_down_ipad.png in Resources */,
				F090837D1760FB01007F15A3 /* central_speaker_down_ipad@2x.png in Resources */,
				F090837E1760FB01007F15A3 /* central_speaker_down.png in Resources */,
				F090837F1760FB01007F15A3 /* central_speaker_down@2x.png in Resources */,
				F09083801760FB01007F15A3 /* central_speaker_up_ipad.png in Resources */,
				F09083811760FB01007F15A3 /* central_speaker_up_ipad@2x.png in Resources */,
				F09083821760FB01007F15A3 /* central_speaker_up.png in Resources */,
				F09083831760FB01007F15A3 /* central_speaker_up@2x.png in Resources */,
				F09083861760FFD3007F15A3 /* Default-Landscape.png in Resources */,
				F09083871760FFD3007F15A3 /* Default-Landscape@2x.png in Resources */,
				F090838E176100EA007F15A3 /* Default@2x~iphone.png in Resources */,
				F090838F176100EA007F15A3 /* Default~iphone.png in Resources */,
				F0908390176100EA007F15A3 /* iphonebackground-landscape.png in Resources */,
				F0908391176100EA007F15A3 /* iphonebackground-landscape@2x.png in Resources */,
				F0908392176100EA007F15A3 /* iphonebackground.png in Resources */,
				F0908393176100EA007F15A3 /* iphonebackground@2x.png in Resources */,
				F09083AC1761192B007F15A3 /* volover_icons_down_focused.png in Resources */,
				F09083AD1761192B007F15A3 /* volover_icons_down_focused@2x.png in Resources */,
				F09083AE1761192B007F15A3 /* volover_icons_down_ipad_focused.png in Resources */,
				F09083AF1761192B007F15A3 /* volover_icons_down_ipad_focused@2x.png in Resources */,
				F09083B01761192B007F15A3 /* volover_icons_down_ipad.png in Resources */,
				F09083B11761192B007F15A3 /* volover_icons_down_ipad@2x.png in Resources */,
				F09083B21761192B007F15A3 /* volover_icons_down.png in Resources */,
				F09083B31761192B007F15A3 /* volover_icons_down@2x.png in Resources */,
				F09083B41761192B007F15A3 /* volover_icons_mute_focused.png in Resources */,
				F09083B51761192B007F15A3 /* volover_icons_mute_focused@2x.png in Resources */,
				F09083B61761192B007F15A3 /* volover_icons_mute_ipad_focused.png in Resources */,
				F09083B71761192B007F15A3 /* volover_icons_mute_ipad_focused@2x.png in Resources */,
				F09083B81761192B007F15A3 /* volover_icons_mute_ipad.png in Resources */,
				F09083B91761192B007F15A3 /* volover_icons_mute_ipad@2x.png in Resources */,
				F09083BA1761192B007F15A3 /* volover_icons_mute.png in Resources */,
				F09083BB1761192B007F15A3 /* volover_icons_mute@2x.png in Resources */,
				F09083BC1761192B007F15A3 /* volover_icons_up_focused.png in Resources */,
				F09083BD1761192B007F15A3 /* volover_icons_up_focused@2x.png in Resources */,
				F09083BE1761192B007F15A3 /* volover_icons_up_ipad_focused.png in Resources */,
				F09083BF1761192B007F15A3 /* volover_icons_up_ipad_focused@2x.png in Resources */,
				F09083C01761192B007F15A3 /* volover_icons_up_ipad.png in Resources */,
				F09083C11761192B007F15A3 /* volover_icons_up_ipad@2x.png in Resources */,
				F09083C21761192B007F15A3 /* volover_icons_up.png in Resources */,
				F09083C31761192B007F15A3 /* volover_icons_up@2x.png in Resources */,
				F094AB1917620288008524C0 /* Icon-72.png in Resources */,
				F094AB1A17620288008524C0 /* Icon-72@2x.png in Resources */,
				F094AB1B17620288008524C0 /* Icon-100.png in Resources */,
				F094AB1C17620288008524C0 /* Icon-Small-50.png in Resources */,
				F094AB1D17620288008524C0 /* Icon-Small.png in Resources */,
				F094AB1E17620288008524C0 /* Icon-Small@2x.png in Resources */,
				F094AB1F17620288008524C0 /* Icon.png in Resources */,
				F094AB2017620288008524C0 /* Icon@2x.png in Resources */,
				F08A7DCC17674AE0004DF81B /* 15px_icon_fill.png in Resources */,
				F08A7DCD17674AE0004DF81B /* 15px_icon_hollow.png in Resources */,
				F08A7DCE17674AE0004DF81B /* 30px_icon_fill.png in Resources */,
				F08A7DCF17674AE0004DF81B /* 30px_icon_hollow.png in Resources */,
				F08A7DD017674AE0004DF81B /* 55px_icon_fill.png in Resources */,
				F08A7DD117674AE0004DF81B /* 55px_icon_hollow.png in Resources */,
				F08A7DD217674AE0004DF81B /* 100px_icon_fill.png in Resources */,
				F08A7DD317674AE0004DF81B /* 100px_icon_hollow.png in Resources */,
				F08A7DE41767D8A8004DF81B /* 15px_icon_fill@2x.png in Resources */,
				F08A7DE51767D8A8004DF81B /* 15px_icon_hollow@2x.png in Resources */,
				F08A7DE61767D8A8004DF81B /* 30px_icon_fill@2x.png in Resources */,
				F08A7DE71767D8A8004DF81B /* 30px_icon_hollow@2x.png in Resources */,
				F08A7DE81767D8A8004DF81B /* 55px_icon_fill@2x.png in Resources */,
				F08A7DE91767D8A8004DF81B /* 55px_icon_hollow@2x.png in Resources */,
				F08A7DEA1767D8A8004DF81B /* 100px_icon_fill@2x.png in Resources */,
				F08A7DEB1767D8A8004DF81B /* 100px_icon_hollow@2x.png in Resources */,
			);
			runOnlyForDeploymentPostprocessing = 0;
		};
		5AA0EEE016A47CF900E70D9F /* Resources */ = {
			isa = PBXResourcesBuildPhase;
			buildActionMask = 2147483647;
			files = (
				5AA0EEEF16A47CFA00E70D9F /* InfoPlist.strings in Resources */,
			);
			runOnlyForDeploymentPostprocessing = 0;
		};
/* End PBXResourcesBuildPhase section */

/* Begin PBXShellScriptBuildPhase section */
		5AA0EEE116A47CF900E70D9F /* ShellScript */ = {
			isa = PBXShellScriptBuildPhase;
			buildActionMask = 2147483647;
			files = (
			);
			inputPaths = (
			);
			outputPaths = (
			);
			runOnlyForDeploymentPostprocessing = 0;
			shellPath = /bin/sh;
			shellScript = "# Run the unit tests in this test bundle.\n\"${SYSTEM_DEVELOPER_DIR}/Tools/RunUnitTests\"\n";
		};
/* End PBXShellScriptBuildPhase section */

/* Begin PBXSourcesBuildPhase section */
		5AA0EEB616A47CF900E70D9F /* Sources */ = {
			isa = PBXSourcesBuildPhase;
			buildActionMask = 2147483647;
			files = (
				5AA0EECA16A47CF900E70D9F /* main.m in Sources */,
				5AA0EECE16A47CF900E70D9F /* AppDelegate.m in Sources */,
				5AA0EEDD16A47CF900E70D9F /* ViewController.m in Sources */,
				5A2BDF0E16F26315008D38B1 /* CustomButton.m in Sources */,
				F08A7DDA17674DD0004DF81B /* BubbleWrangler.m in Sources */,
				F08A7DDB17674DD6004DF81B /* Bubble.m in Sources */,
				F085D56317722593001FF89F /* AccessibilityRedirectImage.m in Sources */,
			);
			runOnlyForDeploymentPostprocessing = 0;
		};
		5AA0EEDE16A47CF900E70D9F /* Sources */ = {
			isa = PBXSourcesBuildPhase;
			buildActionMask = 2147483647;
			files = (
				5AA0EEF216A47CFA00E70D9F /* VolOverTests.m in Sources */,
			);
			runOnlyForDeploymentPostprocessing = 0;
		};
/* End PBXSourcesBuildPhase section */

/* Begin PBXTargetDependency section */
		5AA0EEE916A47CFA00E70D9F /* PBXTargetDependency */ = {
			isa = PBXTargetDependency;
			target = 5AA0EEB916A47CF900E70D9F /* VolOver */;
			targetProxy = 5AA0EEE816A47CFA00E70D9F /* PBXContainerItemProxy */;
		};
/* End PBXTargetDependency section */

/* Begin PBXVariantGroup section */
		5AA0EEC616A47CF900E70D9F /* InfoPlist.strings */ = {
			isa = PBXVariantGroup;
			children = (
				5AA0EEC716A47CF900E70D9F /* en */,
			);
			name = InfoPlist.strings;
			sourceTree = "<group>";
		};
		5AA0EED516A47CF900E70D9F /* MainStoryboard_iPhone.storyboard */ = {
			isa = PBXVariantGroup;
			children = (
				5AA0EED616A47CF900E70D9F /* en */,
			);
			name = MainStoryboard_iPhone.storyboard;
			sourceTree = "<group>";
		};
		5AA0EED816A47CF900E70D9F /* MainStoryboard_iPad.storyboard */ = {
			isa = PBXVariantGroup;
			children = (
				5AA0EED916A47CF900E70D9F /* en */,
			);
			name = MainStoryboard_iPad.storyboard;
			sourceTree = "<group>";
		};
		5AA0EEED16A47CFA00E70D9F /* InfoPlist.strings */ = {
			isa = PBXVariantGroup;
			children = (
				5AA0EEEE16A47CFA00E70D9F /* en */,
			);
			name = InfoPlist.strings;
			sourceTree = "<group>";
		};
/* End PBXVariantGroup section */

/* Begin XCBuildConfiguration section */
		5AA0EEF316A47CFA00E70D9F /* Debug */ = {
			isa = XCBuildConfiguration;
			buildSettings = {
				ALWAYS_SEARCH_USER_PATHS = NO;
				CLANG_CXX_LANGUAGE_STANDARD = "gnu++0x";
				CLANG_CXX_LIBRARY = "libc++";
				CLANG_ENABLE_OBJC_ARC = YES;
				CLANG_WARN_CONSTANT_CONVERSION = YES;
				CLANG_WARN_EMPTY_BODY = YES;
				CLANG_WARN_ENUM_CONVERSION = YES;
				CLANG_WARN_INT_CONVERSION = YES;
				CLANG_WARN__DUPLICATE_METHOD_MATCH = YES;
				"CODE_SIGN_IDENTITY[sdk=iphoneos*]" = "iPhone Developer";
				COPY_PHASE_STRIP = NO;
				GCC_C_LANGUAGE_STANDARD = gnu99;
				GCC_DYNAMIC_NO_PIC = NO;
				GCC_OPTIMIZATION_LEVEL = 0;
				GCC_PREPROCESSOR_DEFINITIONS = (
					"DEBUG=1",
					"$(inherited)",
				);
				GCC_SYMBOLS_PRIVATE_EXTERN = NO;
				GCC_WARN_ABOUT_RETURN_TYPE = YES;
				GCC_WARN_UNINITIALIZED_AUTOS = YES;
				GCC_WARN_UNUSED_VARIABLE = YES;
				IPHONEOS_DEPLOYMENT_TARGET = 5.0;
				ONLY_ACTIVE_ARCH = YES;
				SDKROOT = iphoneos;
				TARGETED_DEVICE_FAMILY = "1,2";
			};
			name = Debug;
		};
		5AA0EEF416A47CFA00E70D9F /* Release */ = {
			isa = XCBuildConfiguration;
			buildSettings = {
				ALWAYS_SEARCH_USER_PATHS = NO;
				CLANG_CXX_LANGUAGE_STANDARD = "gnu++0x";
				CLANG_CXX_LIBRARY = "libc++";
				CLANG_ENABLE_OBJC_ARC = YES;
				CLANG_WARN_CONSTANT_CONVERSION = YES;
				CLANG_WARN_EMPTY_BODY = YES;
				CLANG_WARN_ENUM_CONVERSION = YES;
				CLANG_WARN_INT_CONVERSION = YES;
				CLANG_WARN__DUPLICATE_METHOD_MATCH = YES;
				"CODE_SIGN_IDENTITY[sdk=iphoneos*]" = "iPhone Developer";
				COPY_PHASE_STRIP = YES;
				GCC_C_LANGUAGE_STANDARD = gnu99;
				GCC_WARN_ABOUT_RETURN_TYPE = YES;
				GCC_WARN_UNINITIALIZED_AUTOS = YES;
				GCC_WARN_UNUSED_VARIABLE = YES;
				IPHONEOS_DEPLOYMENT_TARGET = 5.0;
				OTHER_CFLAGS = "-DNS_BLOCK_ASSERTIONS=1";
				SDKROOT = iphoneos;
				TARGETED_DEVICE_FAMILY = "1,2";
				VALIDATE_PRODUCT = YES;
			};
			name = Release;
		};
		5AA0EEF616A47CFA00E70D9F /* Debug */ = {
			isa = XCBuildConfiguration;
			buildSettings = {
				FRAMEWORK_SEARCH_PATHS = "";
				GCC_PRECOMPILE_PREFIX_HEADER = YES;
				GCC_PREFIX_HEADER = "VolOver/VolOver-Prefix.pch";
				INFOPLIST_FILE = "VolOver/VolOver-Info.plist";
				IPHONEOS_DEPLOYMENT_TARGET = 5.0;
				PRODUCT_NAME = volover;
				WRAPPER_EXTENSION = app;
			};
			name = Debug;
		};
		5AA0EEF716A47CFA00E70D9F /* Release */ = {
			isa = XCBuildConfiguration;
			buildSettings = {
				CODE_SIGN_IDENTITY = "iPhone Distribution: Komodo OpenLab Inc. (K5Z36QAY2K)";
				"CODE_SIGN_IDENTITY[sdk=iphoneos*]" = "iPhone Distribution: Komodo OpenLab Inc. (K5Z36QAY2K)";
				FRAMEWORK_SEARCH_PATHS = "";
				GCC_PRECOMPILE_PREFIX_HEADER = YES;
				GCC_PREFIX_HEADER = "VolOver/VolOver-Prefix.pch";
				INFOPLIST_FILE = "VolOver/VolOver-Info.plist";
				IPHONEOS_DEPLOYMENT_TARGET = 5.0;
				PRODUCT_NAME = volover;
				PROVISIONING_PROFILE = "C3380798-A3B1-4469-838E-F5F946AC755E";
				"PROVISIONING_PROFILE[sdk=iphoneos*]" = "C3380798-A3B1-4469-838E-F5F946AC755E";
				WRAPPER_EXTENSION = app;
			};
			name = Release;
		};
		5AA0EEF916A47CFA00E70D9F /* Debug */ = {
			isa = XCBuildConfiguration;
			buildSettings = {
				BUNDLE_LOADER = "$(BUILT_PRODUCTS_DIR)/VolOver.app/VolOver";
				FRAMEWORK_SEARCH_PATHS = (
					"\"$(SDKROOT)/Developer/Library/Frameworks\"",
					"\"$(DEVELOPER_LIBRARY_DIR)/Frameworks\"",
				);
				GCC_PRECOMPILE_PREFIX_HEADER = YES;
				GCC_PREFIX_HEADER = "VolOver/VolOver-Prefix.pch";
				INFOPLIST_FILE = "VolOverTests/VolOverTests-Info.plist";
				PRODUCT_NAME = "$(TARGET_NAME)";
				TEST_HOST = "$(BUNDLE_LOADER)";
				WRAPPER_EXTENSION = octest;
			};
			name = Debug;
		};
		5AA0EEFA16A47CFA00E70D9F /* Release */ = {
			isa = XCBuildConfiguration;
			buildSettings = {
				BUNDLE_LOADER = "$(BUILT_PRODUCTS_DIR)/VolOver.app/VolOver";
				FRAMEWORK_SEARCH_PATHS = (
					"\"$(SDKROOT)/Developer/Library/Frameworks\"",
					"\"$(DEVELOPER_LIBRARY_DIR)/Frameworks\"",
				);
				GCC_PRECOMPILE_PREFIX_HEADER = YES;
				GCC_PREFIX_HEADER = "VolOver/VolOver-Prefix.pch";
				INFOPLIST_FILE = "VolOverTests/VolOverTests-Info.plist";
				PRODUCT_NAME = "$(TARGET_NAME)";
				TEST_HOST = "$(BUNDLE_LOADER)";
				WRAPPER_EXTENSION = octest;
			};
			name = Release;
		};
		F090CF7B176CBBBF0090DC80 /* Distribution */ = {
			isa = XCBuildConfiguration;
			buildSettings = {
				ALWAYS_SEARCH_USER_PATHS = NO;
				CLANG_CXX_LANGUAGE_STANDARD = "gnu++0x";
				CLANG_CXX_LIBRARY = "libc++";
				CLANG_ENABLE_OBJC_ARC = YES;
				CLANG_WARN_CONSTANT_CONVERSION = YES;
				CLANG_WARN_EMPTY_BODY = YES;
				CLANG_WARN_ENUM_CONVERSION = YES;
				CLANG_WARN_INT_CONVERSION = YES;
				CLANG_WARN__DUPLICATE_METHOD_MATCH = YES;
				"CODE_SIGN_IDENTITY[sdk=iphoneos*]" = "iPhone Developer";
				COPY_PHASE_STRIP = YES;
				GCC_C_LANGUAGE_STANDARD = gnu99;
				GCC_WARN_ABOUT_RETURN_TYPE = YES;
				GCC_WARN_UNINITIALIZED_AUTOS = YES;
				GCC_WARN_UNUSED_VARIABLE = YES;
				IPHONEOS_DEPLOYMENT_TARGET = 5.0;
				OTHER_CFLAGS = "-DNS_BLOCK_ASSERTIONS=1";
				SDKROOT = iphoneos;
				TARGETED_DEVICE_FAMILY = "1,2";
				VALIDATE_PRODUCT = YES;
			};
			name = Distribution;
		};
		F090CF7C176CBBBF0090DC80 /* Distribution */ = {
			isa = XCBuildConfiguration;
			buildSettings = {
				CODE_SIGN_IDENTITY = "iPhone Distribution: Komodo OpenLab Inc. (K5Z36QAY2K)";
				"CODE_SIGN_IDENTITY[sdk=iphoneos*]" = "iPhone Distribution: Komodo OpenLab Inc. (K5Z36QAY2K)";
				FRAMEWORK_SEARCH_PATHS = "";
				GCC_PRECOMPILE_PREFIX_HEADER = YES;
				GCC_PREFIX_HEADER = "VolOver/VolOver-Prefix.pch";
				INFOPLIST_FILE = "VolOver/VolOver-Info.plist";
				IPHONEOS_DEPLOYMENT_TARGET = 5.0;
				PRODUCT_NAME = volover;
				PROVISIONING_PROFILE = "C3380798-A3B1-4469-838E-F5F946AC755E";
				"PROVISIONING_PROFILE[sdk=iphoneos*]" = "C3380798-A3B1-4469-838E-F5F946AC755E";
				WRAPPER_EXTENSION = app;
			};
			name = Distribution;
		};
		F090CF7D176CBBBF0090DC80 /* Distribution */ = {
			isa = XCBuildConfiguration;
			buildSettings = {
				BUNDLE_LOADER = "$(BUILT_PRODUCTS_DIR)/VolOver.app/VolOver";
				FRAMEWORK_SEARCH_PATHS = (
					"\"$(SDKROOT)/Developer/Library/Frameworks\"",
					"\"$(DEVELOPER_LIBRARY_DIR)/Frameworks\"",
				);
				GCC_PRECOMPILE_PREFIX_HEADER = YES;
				GCC_PREFIX_HEADER = "VolOver/VolOver-Prefix.pch";
				INFOPLIST_FILE = "VolOverTests/VolOverTests-Info.plist";
				PRODUCT_NAME = "$(TARGET_NAME)";
				TEST_HOST = "$(BUNDLE_LOADER)";
				WRAPPER_EXTENSION = octest;
			};
			name = Distribution;
		};
/* End XCBuildConfiguration section */

/* Begin XCConfigurationList section */
		5AA0EEB516A47CF900E70D9F /* Build configuration list for PBXProject "VolOver" */ = {
			isa = XCConfigurationList;
			buildConfigurations = (
				5AA0EEF316A47CFA00E70D9F /* Debug */,
				5AA0EEF416A47CFA00E70D9F /* Release */,
				F090CF7B176CBBBF0090DC80 /* Distribution */,
			);
			defaultConfigurationIsVisible = 0;
			defaultConfigurationName = Release;
		};
		5AA0EEF516A47CFA00E70D9F /* Build configuration list for PBXNativeTarget "VolOver" */ = {
			isa = XCConfigurationList;
			buildConfigurations = (
				5AA0EEF616A47CFA00E70D9F /* Debug */,
				5AA0EEF716A47CFA00E70D9F /* Release */,
				F090CF7C176CBBBF0090DC80 /* Distribution */,
			);
			defaultConfigurationIsVisible = 0;
			defaultConfigurationName = Release;
		};
		5AA0EEF816A47CFA00E70D9F /* Build configuration list for PBXNativeTarget "VolOverTests" */ = {
			isa = XCConfigurationList;
			buildConfigurations = (
				5AA0EEF916A47CFA00E70D9F /* Debug */,
				5AA0EEFA16A47CFA00E70D9F /* Release */,
				F090CF7D176CBBBF0090DC80 /* Distribution */,
			);
			defaultConfigurationIsVisible = 0;
			defaultConfigurationName = Release;
		};
/* End XCConfigurationList section */
	};
	rootObject = 5AA0EEB216A47CF900E70D9F /* Project object */;
}
